<?xml version="1.0" encoding="utf-8"?>
<Project ToolsVersion="4.0" xmlns="http://schemas.microsoft.com/developer/msbuild/2003">
  <ItemGroup>
    <Filter Include="flatbuffers">
      <UniqueIdentifier>{525348c0-237b-4929-af3d-6b10e5b8b0cc}</UniqueIdentifier>
    </Filter>
    <Filter Include="Component">
      <UniqueIdentifier>{bb5d6d4b-3c1f-47fa-8908-433f8d2f9ec4}</UniqueIdentifier>
    </Filter>
    <Filter Include="Core">
      <UniqueIdentifier>{a15f27ee-ffb7-43ff-8e96-d25a2b5d440d}</UniqueIdentifier>
    </Filter>
    <Filter Include="DB">
      <UniqueIdentifier>{327c36bf-1c34-48a6-b354-b5e61a24411f}</UniqueIdentifier>
    </Filter>
    <Filter Include="GameRoom">
      <UniqueIdentifier>{d1d45dc7-3bbd-4cdc-a0c3-d86fb60efb16}</UniqueIdentifier>
    </Filter>
    <Filter Include="Object">
      <UniqueIdentifier>{e5597919-1c7b-45cb-9279-4e7e4a41228e}</UniqueIdentifier>
    </Filter>
    <Filter Include="Packet">
      <UniqueIdentifier>{af8300ec-48fa-4bcc-a8df-ea202f970e32}</UniqueIdentifier>
    </Filter>
    <Filter Include="Session">
      <UniqueIdentifier>{1cfb387d-bb9a-464f-a643-2aff918dda31}</UniqueIdentifier>
    </Filter>
    <Filter Include="SQLService">
      <UniqueIdentifier>{0d8e8a3b-83d2-4e8f-a188-757cef2b970b}</UniqueIdentifier>
    </Filter>
    <Filter Include="Util">
      <UniqueIdentifier>{0fa676f1-8a15-40eb-af45-3f3dafb8752f}</UniqueIdentifier>
    </Filter>
    <Filter Include="Battle">
      <UniqueIdentifier>{77aa5dc2-64db-4b42-b805-b9a626f928e3}</UniqueIdentifier>
    </Filter>
    <Filter Include="timezone">
      <UniqueIdentifier>{eeba600e-a50e-4fde-8651-87ccf126a098}</UniqueIdentifier>
    </Filter>
    <Filter Include="timezone\date">
      <UniqueIdentifier>{9b83d791-9deb-4807-96b5-6eceae3057a3}</UniqueIdentifier>
    </Filter>
  </ItemGroup>
  <ItemGroup>
    <ClCompile Include="component\CompUserTransform.cpp">
      <Filter>Component</Filter>
    </ClCompile>
    <ClCompile Include="core\TPServer.cpp">
      <Filter>Core</Filter>
    </ClCompile>
    <ClCompile Include="db\DBServer.cpp">
      <Filter>DB</Filter>
    </ClCompile>
    <ClCompile Include="db\DBService.cpp">
      <Filter>DB</Filter>
    </ClCompile>
    <ClCompile Include="gameroom\GameRoom.cpp">
      <Filter>GameRoom</Filter>
    </ClCompile>
    <ClCompile Include="gameroom\GameRoomService.cpp">
      <Filter>GameRoom</Filter>
    </ClCompile>
    <ClCompile Include="object\ObjUser.cpp">
      <Filter>Object</Filter>
    </ClCompile>
    <ClCompile Include="packet\Packet.cpp">
      <Filter>Packet</Filter>
    </ClCompile>
    <ClCompile Include="packet\PacketGenerator.cpp">
      <Filter>Packet</Filter>
    </ClCompile>
    <ClCompile Include="packet\PacketProcessor.cpp">
      <Filter>Packet</Filter>
    </ClCompile>
    <ClCompile Include="packet\PacketService.cpp">
      <Filter>Packet</Filter>
    </ClCompile>
    <ClCompile Include="session\Session.cpp">
      <Filter>Session</Filter>
    </ClCompile>
    <ClCompile Include="session\SessionPool.cpp">
      <Filter>Session</Filter>
    </ClCompile>
    <ClCompile Include="sqlservice\SQLServiceUser.cpp">
      <Filter>SQLService</Filter>
    </ClCompile>
    <ClCompile Include="util\TPLogger.cpp">
      <Filter>Util</Filter>
    </ClCompile>
    <ClCompile Include="util\TPResult.cpp">
      <Filter>Util</Filter>
    </ClCompile>
    <ClCompile Include="util\TPUtil.cpp">
      <Filter>Util</Filter>
    </ClCompile>
    <ClCompile Include="main.cpp" />
    <ClCompile Include="Battle\BattleService.cpp">
      <Filter>Battle</Filter>
    </ClCompile>
    <ClCompile Include="Packet\PacketGeneratorServer.cpp">
      <Filter>Packet</Filter>
    </ClCompile>
    <ClCompile Include="Component\CompUserCondition.cpp">
      <Filter>Component</Filter>
    </ClCompile>
    <ClCompile Include="Component\CompUserAttribute.cpp">
      <Filter>Component</Filter>
    </ClCompile>
    <ClCompile Include="timezone\tz.cpp">
      <Filter>timezone</Filter>
    </ClCompile>
  </ItemGroup>
  <ItemGroup>
    <ClInclude Include="flatbuffers\reflection_generated.h">
      <Filter>flatbuffers</Filter>
    </ClInclude>
    <ClInclude Include="flatbuffers\reflection.h">
      <Filter>flatbuffers</Filter>
    </ClInclude>
    <ClInclude Include="flatbuffers\hash.h">
      <Filter>flatbuffers</Filter>
    </ClInclude>
    <ClInclude Include="flatbuffers\grpc.h">
      <Filter>flatbuffers</Filter>
    </ClInclude>
    <ClInclude Include="flatbuffers\idl.h">
      <Filter>flatbuffers</Filter>
    </ClInclude>
    <ClInclude Include="flatbuffers\minireflect.h">
      <Filter>flatbuffers</Filter>
    </ClInclude>
    <ClInclude Include="flatbuffers\flatc.h">
      <Filter>flatbuffers</Filter>
    </ClInclude>
    <ClInclude Include="flatbuffers\flatbuffers.h">
      <Filter>flatbuffers</Filter>
    </ClInclude>
    <ClInclude Include="flatbuffers\code_generators.h">
      <Filter>flatbuffers</Filter>
    </ClInclude>
    <ClInclude Include="flatbuffers\base.h">
      <Filter>flatbuffers</Filter>
    </ClInclude>
    <ClInclude Include="flatbuffers\registry.h">
      <Filter>flatbuffers</Filter>
    </ClInclude>
    <ClInclude Include="flatbuffers\stl_emulation.h">
      <Filter>flatbuffers</Filter>
    </ClInclude>
    <ClInclude Include="flatbuffers\util.h">
      <Filter>flatbuffers</Filter>
    </ClInclude>
    <ClInclude Include="flatbuffers\flexbuffers.h">
      <Filter>flatbuffers</Filter>
    </ClInclude>
    <ClInclude Include="component\TPComponent.h">
      <Filter>Component</Filter>
    </ClInclude>
    <ClInclude Include="component\CompUserTransform.h">
      <Filter>Component</Filter>
    </ClInclude>
    <ClInclude Include="db\DBService.h">
      <Filter>DB</Filter>
    </ClInclude>
    <ClInclude Include="db\DBServer.h">
      <Filter>DB</Filter>
    </ClInclude>
    <ClInclude Include="gameroom\GameRoom.h">
      <Filter>GameRoom</Filter>
    </ClInclude>
    <ClInclude Include="gameroom\GameRoomService.h">
      <Filter>GameRoom</Filter>
    </ClInclude>
    <ClInclude Include="object\ObjUser.h">
      <Filter>Object</Filter>
    </ClInclude>
    <ClInclude Include="object\TPObject.h">
      <Filter>Object</Filter>
    </ClInclude>
    <ClInclude Include="packet\Packet.h">
      <Filter>Packet</Filter>
    </ClInclude>
    <ClInclude Include="packet\PacketGenerator.h">
      <Filter>Packet</Filter>
    </ClInclude>
    <ClInclude Include="packet\PacketProcessor.h">
      <Filter>Packet</Filter>
    </ClInclude>
    <ClInclude Include="packet\PacketService.h">
      <Filter>Packet</Filter>
    </ClInclude>
    <ClInclude Include="packet\Protocol.h">
      <Filter>Packet</Filter>
    </ClInclude>
    <ClInclude Include="session\Session.h">
      <Filter>Session</Filter>
    </ClInclude>
    <ClInclude Include="session\SessionPool.h">
      <Filter>Session</Filter>
    </ClInclude>
    <ClInclude Include="sqlservice\SQLServiceUser.h">
      <Filter>SQLService</Filter>
    </ClInclude>
    <ClInclude Include="util\Enums.h">
      <Filter>Util</Filter>
    </ClInclude>
    <ClInclude Include="util\TPDefine.h">
      <Filter>Util</Filter>
    </ClInclude>
    <ClInclude Include="util\TPLogger.h">
      <Filter>Util</Filter>
    </ClInclude>
    <ClInclude Include="util\TPResult.h">
      <Filter>Util</Filter>
    </ClInclude>
    <ClInclude Include="util\TPUtil.h">
      <Filter>Util</Filter>
    </ClInclude>
    <ClInclude Include="TP_generated.h" />
    <ClInclude Include="Battle\BattleService.h">
      <Filter>Battle</Filter>
    </ClInclude>
    <ClInclude Include="Packet\PacketGeneratorServer.h">
      <Filter>Packet</Filter>
    </ClInclude>
    <ClInclude Include="Component\CompUserCondition.h">
      <Filter>Component</Filter>
    </ClInclude>
    <ClInclude Include="Component\CompUserAttribute.h">
      <Filter>Component</Filter>
    </ClInclude>
    <ClInclude Include="timezone\date\date.h">
      <Filter>timezone\date</Filter>
    </ClInclude>
    <ClInclude Include="timezone\date\tz.h">
      <Filter>timezone\date</Filter>
    </ClInclude>
    <ClInclude Include="timezone\date\tz_private.h">
      <Filter>timezone\date</Filter>
    </ClInclude>
    <ClInclude Include="Util\Unconstructible.h">
      <Filter>Util</Filter>
    </ClInclude>
    <ClInclude Include="Util\TPDefinePrivate.h">
      <Filter>Util</Filter>
    </ClInclude>
    <ClInclude Include="Core\TPServer.h">
      <Filter>Core</Filter>
    </ClInclude>
  </ItemGroup>
  <ItemGroup>
    <None Include="TP.fbs" />
  </ItemGroup>
</Project>